
Microsoft Visual Studio Solution File, Format Version 12.00
# Visual Studio 15
VisualStudioVersion = 15.0.27703.2000
MinimumVisualStudioVersion = 10.0.40219.1
Project("{FAE04EC0-301F-11D3-BF4B-00C04F79EFBC}") = "ESRI2017 -APP Competition", "ESRI2017 -APP Competition.csproj", "{D717537B-BB95-14AB-B731-55E8A892AACE}"
EndProject
Global
	GlobalSection(SolutionConfigurationPlatforms) = preSolution
		Debug|Any CPU = Debug|Any CPU
		Release|Any CPU = Release|Any CPU
	EndGlobalSection
	GlobalSection(ProjectConfigurationPlatforms) = postSolution
		{D717537B-BB95-14AB-B731-55E8A892AACE}.Debug|Any CPU.ActiveCfg = Debug|Any CPU
		{D717537B-BB95-14AB-B731-55E8A892AACE}.Debug|Any CPU.Build.0 = Debug|Any CPU
		{D717537B-BB95-14AB-B731-55E8A892AACE}.Release|Any CPU.ActiveCfg = Release|Any CPU
		{D717537B-BB95-14AB-B731-55E8A892AACE}.Release|Any CPU.Build.0 = Release|Any CPU
	EndGlobalSection
	GlobalSection(SolutionProperties) = preSolution
		HideSolutionNode = FALSE
	EndGlobalSection
	GlobalSection(ExtensibilityGlobals) = postSolution
		SolutionGuid = {901B1C36-8B18-4E64-833A-27B785AC9088}
	EndGlobalSection
EndGlobal
